
Microsoft Visual Studio Solution File, Format Version 12.00
# Visual Studio Version 17
VisualStudioVersion = 17.13.35825.156 d17.13
MinimumVisualStudioVersion = 10.0.40219.1
Project("{FAE04EC0-301F-11D3-BF4B-00C04F79EFBC}") = "Demo1.WebAPI", "Demo1.WebAPI\Demo1.WebAPI.csproj", "{B2E4DC43-3C87-4E49-8574-110E7425BB71}"
EndProject
Project("{FAE04EC0-301F-11D3-BF4B-00C04F79EFBC}") = "Demo1.Service", "Demo1.Service\Demo1.Service.csproj", "{24E30A29-971D-499C-B385-3C7D2887C8FF}"
EndProject
Project("{FAE04EC0-301F-11D3-BF4B-00C04F79EFBC}") = "Demo1.Dto", "Demo1.Dto\Demo1.Dto.csproj", "{29436BC3-3F6B-46B9-A31C-CFD06E54DD98}"
EndProject
Project("{FAE04EC0-301F-11D3-BF4B-00C04F79EFBC}") = "Demo1.Helper", "Demo1.Helper\Demo1.Helper.csproj", "{9E740538-9D40-43FC-90C6-554D673DC90E}"
EndProject
Global
	GlobalSection(SolutionConfigurationPlatforms) = preSolution
		Debug|Any CPU = Debug|Any CPU
		Release|Any CPU = Release|Any CPU
	EndGlobalSection
	GlobalSection(ProjectConfigurationPlatforms) = postSolution
		{B2E4DC43-3C87-4E49-8574-110E7425BB71}.Debug|Any CPU.ActiveCfg = Debug|Any CPU
		{B2E4DC43-3C87-4E49-8574-110E7425BB71}.Debug|Any CPU.Build.0 = Debug|Any CPU
		{B2E4DC43-3C87-4E49-8574-110E7425BB71}.Release|Any CPU.ActiveCfg = Release|Any CPU
		{B2E4DC43-3C87-4E49-8574-110E7425BB71}.Release|Any CPU.Build.0 = Release|Any CPU
		{24E30A29-971D-499C-B385-3C7D2887C8FF}.Debug|Any CPU.ActiveCfg = Debug|Any CPU
		{24E30A29-971D-499C-B385-3C7D2887C8FF}.Debug|Any CPU.Build.0 = Debug|Any CPU
		{24E30A29-971D-499C-B385-3C7D2887C8FF}.Release|Any CPU.ActiveCfg = Release|Any CPU
		{24E30A29-971D-499C-B385-3C7D2887C8FF}.Release|Any CPU.Build.0 = Release|Any CPU
		{29436BC3-3F6B-46B9-A31C-CFD06E54DD98}.Debug|Any CPU.ActiveCfg = Debug|Any CPU
		{29436BC3-3F6B-46B9-A31C-CFD06E54DD98}.Debug|Any CPU.Build.0 = Debug|Any CPU
		{29436BC3-3F6B-46B9-A31C-CFD06E54DD98}.Release|Any CPU.ActiveCfg = Release|Any CPU
		{29436BC3-3F6B-46B9-A31C-CFD06E54DD98}.Release|Any CPU.Build.0 = Release|Any CPU
		{9E740538-9D40-43FC-90C6-554D673DC90E}.Debug|Any CPU.ActiveCfg = Debug|Any CPU
		{9E740538-9D40-43FC-90C6-554D673DC90E}.Debug|Any CPU.Build.0 = Debug|Any CPU
		{9E740538-9D40-43FC-90C6-554D673DC90E}.Release|Any CPU.ActiveCfg = Release|Any CPU
		{9E740538-9D40-43FC-90C6-554D673DC90E}.Release|Any CPU.Build.0 = Release|Any CPU
	EndGlobalSection
	GlobalSection(SolutionProperties) = preSolution
		HideSolutionNode = FALSE
	EndGlobalSection
	GlobalSection(ExtensibilityGlobals) = postSolution
		SolutionGuid = {7FAB4463-AECB-41B8-ABCD-40187740C30B}
	EndGlobalSection
EndGlobal
